
Microsoft Visual Studio Solution File, Format Version 12.00
Project("{9A19103F-16F7-4668-BE54-9A1E7A4F7556}") = "ScreenSaver", "ScreenSaver\ScreenSaver.csproj", "{B8E81A4E-0180-4600-8958-BE9D1498666B}"
EndProject
Global
	GlobalSection(SolutionConfigurationPlatforms) = preSolution
		Debug|Any CPU = Debug|Any CPU
		Release|Any CPU = Release|Any CPU
	EndGlobalSection
	GlobalSection(ProjectConfigurationPlatforms) = postSolution
		{B8E81A4E-0180-4600-8958-BE9D1498666B}.Debug|Any CPU.ActiveCfg = Debug|Any CPU
		{B8E81A4E-0180-4600-8958-BE9D1498666B}.Debug|Any CPU.Build.0 = Debug|Any CPU
		{B8E81A4E-0180-4600-8958-BE9D1498666B}.Release|Any CPU.ActiveCfg = Release|Any CPU
		{B8E81A4E-0180-4600-8958-BE9D1498666B}.Release|Any CPU.Build.0 = Release|Any CPU
	EndGlobalSection
EndGlobal
